# This file is automatically @generated by Cargo.
# It is not intended for manual editing.
version = 3

[[package]]
name = "compress"
version = "0.1.0"
dependencies = [
 "salzweg",
]

[[package]]
name = "salzweg"
version = "0.1.4"
source = "registry+https://github.com/rust-lang/crates.io-index"
checksum = "29a9ec85db1460d952e6556b945c1f3e287ddb44b79d6d72171daac24d4950d2"
